
Microsoft Visual Studio Solution File, Format Version 12.00
# Visual Studio Version 17
VisualStudioVersion = 17.1.32421.90
MinimumVisualStudioVersion = 10.0.40219.1
Project("{FAE04EC0-301F-11D3-BF4B-00C04F79EFBC}") = "StudentManagementSystem.Services", "StudentManagementSystem.Services\StudentManagementSystem.Services.csproj", "{2881AF5C-4ABB-4FE5-B032-0E0BD3BB59CB}"
EndProject
Project("{9A19103F-16F7-4668-BE54-9A1E7A4F7556}") = "StudentManagementSystem.API", "StudentManagementSystem.API\StudentManagementSystem.API.csproj", "{59328D83-2A0B-44AF-BC7F-AB0452027D76}"
EndProject
Project("{FAE04EC0-301F-11D3-BF4B-00C04F79EFBC}") = "StudentManagementSystem.Data", "StudentManagementSystem.Data\StudentManagementSystem.Data.csproj", "{6261252A-D784-49B3-B031-998ABAC9B54F}"
EndProject
Global
	GlobalSection(SolutionConfigurationPlatforms) = preSolution
		Debug|Any CPU = Debug|Any CPU
		Release|Any CPU = Release|Any CPU
	EndGlobalSection
	GlobalSection(ProjectConfigurationPlatforms) = postSolution
		{2881AF5C-4ABB-4FE5-B032-0E0BD3BB59CB}.Debug|Any CPU.ActiveCfg = Debug|Any CPU
		{2881AF5C-4ABB-4FE5-B032-0E0BD3BB59CB}.Debug|Any CPU.Build.0 = Debug|Any CPU
		{2881AF5C-4ABB-4FE5-B032-0E0BD3BB59CB}.Release|Any CPU.ActiveCfg = Release|Any CPU
		{2881AF5C-4ABB-4FE5-B032-0E0BD3BB59CB}.Release|Any CPU.Build.0 = Release|Any CPU
		{59328D83-2A0B-44AF-BC7F-AB0452027D76}.Debug|Any CPU.ActiveCfg = Debug|Any CPU
		{59328D83-2A0B-44AF-BC7F-AB0452027D76}.Debug|Any CPU.Build.0 = Debug|Any CPU
		{59328D83-2A0B-44AF-BC7F-AB0452027D76}.Release|Any CPU.ActiveCfg = Release|Any CPU
		{59328D83-2A0B-44AF-BC7F-AB0452027D76}.Release|Any CPU.Build.0 = Release|Any CPU
		{6261252A-D784-49B3-B031-998ABAC9B54F}.Debug|Any CPU.ActiveCfg = Debug|Any CPU
		{6261252A-D784-49B3-B031-998ABAC9B54F}.Debug|Any CPU.Build.0 = Debug|Any CPU
		{6261252A-D784-49B3-B031-998ABAC9B54F}.Release|Any CPU.ActiveCfg = Release|Any CPU
		{6261252A-D784-49B3-B031-998ABAC9B54F}.Release|Any CPU.Build.0 = Release|Any CPU
	EndGlobalSection
	GlobalSection(SolutionProperties) = preSolution
		HideSolutionNode = FALSE
	EndGlobalSection
	GlobalSection(ExtensibilityGlobals) = postSolution
		SolutionGuid = {F3DABAF4-E732-4912-94F9-605A1D79D6B4}
	EndGlobalSection
EndGlobal
