
Microsoft Visual Studio Solution File, Format Version 12.00
# Visual Studio Version 17
VisualStudioVersion = 17.2.32630.192
MinimumVisualStudioVersion = 10.0.40219.1
Project("{FAE04EC0-301F-11D3-BF4B-00C04F79EFBC}") = "CalculateInterestTableWithRefactoring", "CalculateInterestTableWithRefactoring.csproj", "{43586BDB-88F0-4AA3-9C4A-7C6F2C0CA1C6}"
EndProject
Global
	GlobalSection(SolutionConfigurationPlatforms) = preSolution
		Debug|Any CPU = Debug|Any CPU
		Release|Any CPU = Release|Any CPU
	EndGlobalSection
	GlobalSection(ProjectConfigurationPlatforms) = postSolution
		{43586BDB-88F0-4AA3-9C4A-7C6F2C0CA1C6}.Debug|Any CPU.ActiveCfg = Debug|Any CPU
		{43586BDB-88F0-4AA3-9C4A-7C6F2C0CA1C6}.Debug|Any CPU.Build.0 = Debug|Any CPU
		{43586BDB-88F0-4AA3-9C4A-7C6F2C0CA1C6}.Release|Any CPU.ActiveCfg = Release|Any CPU
		{43586BDB-88F0-4AA3-9C4A-7C6F2C0CA1C6}.Release|Any CPU.Build.0 = Release|Any CPU
	EndGlobalSection
	GlobalSection(SolutionProperties) = preSolution
		HideSolutionNode = FALSE
	EndGlobalSection
	GlobalSection(ExtensibilityGlobals) = postSolution
		SolutionGuid = {5EFCEEFB-5367-4495-A573-3B1B22090FC7}
	EndGlobalSection
EndGlobal
